
Microsoft Visual Studio Solution File, Format Version 12.00
# Visual Studio Version 16
VisualStudioVersion = 16.0.29409.12
MinimumVisualStudioVersion = 10.0.40219.1
Project("{9A19103F-16F7-4668-BE54-9A1E7A4F7556}") = "MetodosDemo", "MetodosDemo\MetodosDemo.csproj", "{E30F226A-5E75-4BA8-A503-CBC0786DD1E3}"
EndProject
Project("{9A19103F-16F7-4668-BE54-9A1E7A4F7556}") = "MetodosDemo2", "MetodosDemo2\MetodosDemo2.csproj", "{B8F59D87-5AE8-44D4-AF99-AC65CB7D5B28}"
EndProject
Project("{9A19103F-16F7-4668-BE54-9A1E7A4F7556}") = "IfDemo1", "IfDemo1\IfDemo1.csproj", "{E4F9D8F9-9C02-4252-BB25-FF3CCC2C0083}"
EndProject
Project("{9A19103F-16F7-4668-BE54-9A1E7A4F7556}") = "ifDemo2", "ifDemo2\ifDemo2.csproj", "{44692ECB-6AA2-4B50-BDC5-7912EFC831CF}"
EndProject
Project("{9A19103F-16F7-4668-BE54-9A1E7A4F7556}") = "SwitchDemo", "SwitchDemo\SwitchDemo.csproj", "{05F6C24E-2E26-4EFF-B14E-AE88F946744A}"
EndProject
Project("{9A19103F-16F7-4668-BE54-9A1E7A4F7556}") = "OperadoresAsignacionCompuestos", "OperadoresAsignacionCompuestos\OperadoresAsignacionCompuestos.csproj", "{8A25656F-3E6E-4951-9B81-C539B414A70F}"
EndProject
Project("{9A19103F-16F7-4668-BE54-9A1E7A4F7556}") = "WhileDemo", "WhileDemo\WhileDemo.csproj", "{6552D85E-AA4D-41D0-9976-E3C7401CA99C}"
EndProject
Project("{9A19103F-16F7-4668-BE54-9A1E7A4F7556}") = "ForDemo", "ForDemo\ForDemo.csproj", "{8BD4F83E-8141-4F20-9146-4D3D36108D60}"
EndProject
Project("{9A19103F-16F7-4668-BE54-9A1E7A4F7556}") = "DoWhileDemo", "DoWhileDemo\DoWhileDemo.csproj", "{5667DD7F-D686-4DF8-A7FA-D436FC48163A}"
EndProject
Project("{9A19103F-16F7-4668-BE54-9A1E7A4F7556}") = "ExcepcionesDemo", "ExcepcionesDemo\ExcepcionesDemo.csproj", "{2D0BBC5F-2A04-4F1A-859C-F0A1D13EC9B0}"
EndProject
Project("{9A19103F-16F7-4668-BE54-9A1E7A4F7556}") = "Excepciones2Demo", "Excepciones2Demo\Excepciones2Demo.csproj", "{3654913F-0C06-4F4E-BA23-9B6B0ADBD510}"
EndProject
Project("{9A19103F-16F7-4668-BE54-9A1E7A4F7556}") = "ClasesDemo", "ClasesDemo\ClasesDemo.csproj", "{7BD37365-1ACC-4BCA-9AF9-32964E23B92C}"
EndProject
Project("{9A19103F-16F7-4668-BE54-9A1E7A4F7556}") = "TiposValorTiposReferencia", "TiposValorTiposReferencia\TiposValorTiposReferencia.csproj", "{37E805DF-CDF4-4D2A-ABCF-AB5B13E62989}"
EndProject
Project("{9A19103F-16F7-4668-BE54-9A1E7A4F7556}") = "Enumeraciones", "Enumeraciones\Enumeraciones.csproj", "{678573EC-CBC8-405E-AA15-F91DCA25DAE5}"
EndProject
Project("{FAE04EC0-301F-11D3-BF4B-00C04F79EFBC}") = "EstructurasDemo", "EstructurasDemo\EstructurasDemo.csproj", "{00F57678-8741-40F7-A399-9858ECB9BC38}"
EndProject
Global
	GlobalSection(SolutionConfigurationPlatforms) = preSolution
		Debug|Any CPU = Debug|Any CPU
		Release|Any CPU = Release|Any CPU
	EndGlobalSection
	GlobalSection(ProjectConfigurationPlatforms) = postSolution
		{E30F226A-5E75-4BA8-A503-CBC0786DD1E3}.Debug|Any CPU.ActiveCfg = Debug|Any CPU
		{E30F226A-5E75-4BA8-A503-CBC0786DD1E3}.Debug|Any CPU.Build.0 = Debug|Any CPU
		{E30F226A-5E75-4BA8-A503-CBC0786DD1E3}.Release|Any CPU.ActiveCfg = Release|Any CPU
		{E30F226A-5E75-4BA8-A503-CBC0786DD1E3}.Release|Any CPU.Build.0 = Release|Any CPU
		{B8F59D87-5AE8-44D4-AF99-AC65CB7D5B28}.Debug|Any CPU.ActiveCfg = Debug|Any CPU
		{B8F59D87-5AE8-44D4-AF99-AC65CB7D5B28}.Debug|Any CPU.Build.0 = Debug|Any CPU
		{B8F59D87-5AE8-44D4-AF99-AC65CB7D5B28}.Release|Any CPU.ActiveCfg = Release|Any CPU
		{B8F59D87-5AE8-44D4-AF99-AC65CB7D5B28}.Release|Any CPU.Build.0 = Release|Any CPU
		{E4F9D8F9-9C02-4252-BB25-FF3CCC2C0083}.Debug|Any CPU.ActiveCfg = Debug|Any CPU
		{E4F9D8F9-9C02-4252-BB25-FF3CCC2C0083}.Debug|Any CPU.Build.0 = Debug|Any CPU
		{E4F9D8F9-9C02-4252-BB25-FF3CCC2C0083}.Release|Any CPU.ActiveCfg = Release|Any CPU
		{E4F9D8F9-9C02-4252-BB25-FF3CCC2C0083}.Release|Any CPU.Build.0 = Release|Any CPU
		{44692ECB-6AA2-4B50-BDC5-7912EFC831CF}.Debug|Any CPU.ActiveCfg = Debug|Any CPU
		{44692ECB-6AA2-4B50-BDC5-7912EFC831CF}.Debug|Any CPU.Build.0 = Debug|Any CPU
		{44692ECB-6AA2-4B50-BDC5-7912EFC831CF}.Release|Any CPU.ActiveCfg = Release|Any CPU
		{44692ECB-6AA2-4B50-BDC5-7912EFC831CF}.Release|Any CPU.Build.0 = Release|Any CPU
		{05F6C24E-2E26-4EFF-B14E-AE88F946744A}.Debug|Any CPU.ActiveCfg = Debug|Any CPU
		{05F6C24E-2E26-4EFF-B14E-AE88F946744A}.Debug|Any CPU.Build.0 = Debug|Any CPU
		{05F6C24E-2E26-4EFF-B14E-AE88F946744A}.Release|Any CPU.ActiveCfg = Release|Any CPU
		{05F6C24E-2E26-4EFF-B14E-AE88F946744A}.Release|Any CPU.Build.0 = Release|Any CPU
		{8A25656F-3E6E-4951-9B81-C539B414A70F}.Debug|Any CPU.ActiveCfg = Debug|Any CPU
		{8A25656F-3E6E-4951-9B81-C539B414A70F}.Debug|Any CPU.Build.0 = Debug|Any CPU
		{8A25656F-3E6E-4951-9B81-C539B414A70F}.Release|Any CPU.ActiveCfg = Release|Any CPU
		{8A25656F-3E6E-4951-9B81-C539B414A70F}.Release|Any CPU.Build.0 = Release|Any CPU
		{6552D85E-AA4D-41D0-9976-E3C7401CA99C}.Debug|Any CPU.ActiveCfg = Debug|Any CPU
		{6552D85E-AA4D-41D0-9976-E3C7401CA99C}.Debug|Any CPU.Build.0 = Debug|Any CPU
		{6552D85E-AA4D-41D0-9976-E3C7401CA99C}.Release|Any CPU.ActiveCfg = Release|Any CPU
		{6552D85E-AA4D-41D0-9976-E3C7401CA99C}.Release|Any CPU.Build.0 = Release|Any CPU
		{8BD4F83E-8141-4F20-9146-4D3D36108D60}.Debug|Any CPU.ActiveCfg = Debug|Any CPU
		{8BD4F83E-8141-4F20-9146-4D3D36108D60}.Debug|Any CPU.Build.0 = Debug|Any CPU
		{8BD4F83E-8141-4F20-9146-4D3D36108D60}.Release|Any CPU.ActiveCfg = Release|Any CPU
		{8BD4F83E-8141-4F20-9146-4D3D36108D60}.Release|Any CPU.Build.0 = Release|Any CPU
		{5667DD7F-D686-4DF8-A7FA-D436FC48163A}.Debug|Any CPU.ActiveCfg = Debug|Any CPU
		{5667DD7F-D686-4DF8-A7FA-D436FC48163A}.Debug|Any CPU.Build.0 = Debug|Any CPU
		{5667DD7F-D686-4DF8-A7FA-D436FC48163A}.Release|Any CPU.ActiveCfg = Release|Any CPU
		{5667DD7F-D686-4DF8-A7FA-D436FC48163A}.Release|Any CPU.Build.0 = Release|Any CPU
		{2D0BBC5F-2A04-4F1A-859C-F0A1D13EC9B0}.Debug|Any CPU.ActiveCfg = Debug|Any CPU
		{2D0BBC5F-2A04-4F1A-859C-F0A1D13EC9B0}.Debug|Any CPU.Build.0 = Debug|Any CPU
		{2D0BBC5F-2A04-4F1A-859C-F0A1D13EC9B0}.Release|Any CPU.ActiveCfg = Release|Any CPU
		{2D0BBC5F-2A04-4F1A-859C-F0A1D13EC9B0}.Release|Any CPU.Build.0 = Release|Any CPU
		{3654913F-0C06-4F4E-BA23-9B6B0ADBD510}.Debug|Any CPU.ActiveCfg = Debug|Any CPU
		{3654913F-0C06-4F4E-BA23-9B6B0ADBD510}.Debug|Any CPU.Build.0 = Debug|Any CPU
		{3654913F-0C06-4F4E-BA23-9B6B0ADBD510}.Release|Any CPU.ActiveCfg = Release|Any CPU
		{3654913F-0C06-4F4E-BA23-9B6B0ADBD510}.Release|Any CPU.Build.0 = Release|Any CPU
		{7BD37365-1ACC-4BCA-9AF9-32964E23B92C}.Debug|Any CPU.ActiveCfg = Debug|Any CPU
		{7BD37365-1ACC-4BCA-9AF9-32964E23B92C}.Debug|Any CPU.Build.0 = Debug|Any CPU
		{7BD37365-1ACC-4BCA-9AF9-32964E23B92C}.Release|Any CPU.ActiveCfg = Release|Any CPU
		{7BD37365-1ACC-4BCA-9AF9-32964E23B92C}.Release|Any CPU.Build.0 = Release|Any CPU
		{37E805DF-CDF4-4D2A-ABCF-AB5B13E62989}.Debug|Any CPU.ActiveCfg = Debug|Any CPU
		{37E805DF-CDF4-4D2A-ABCF-AB5B13E62989}.Debug|Any CPU.Build.0 = Debug|Any CPU
		{37E805DF-CDF4-4D2A-ABCF-AB5B13E62989}.Release|Any CPU.ActiveCfg = Release|Any CPU
		{37E805DF-CDF4-4D2A-ABCF-AB5B13E62989}.Release|Any CPU.Build.0 = Release|Any CPU
		{678573EC-CBC8-405E-AA15-F91DCA25DAE5}.Debug|Any CPU.ActiveCfg = Debug|Any CPU
		{678573EC-CBC8-405E-AA15-F91DCA25DAE5}.Debug|Any CPU.Build.0 = Debug|Any CPU
		{678573EC-CBC8-405E-AA15-F91DCA25DAE5}.Release|Any CPU.ActiveCfg = Release|Any CPU
		{678573EC-CBC8-405E-AA15-F91DCA25DAE5}.Release|Any CPU.Build.0 = Release|Any CPU
		{00F57678-8741-40F7-A399-9858ECB9BC38}.Debug|Any CPU.ActiveCfg = Debug|Any CPU
		{00F57678-8741-40F7-A399-9858ECB9BC38}.Debug|Any CPU.Build.0 = Debug|Any CPU
		{00F57678-8741-40F7-A399-9858ECB9BC38}.Release|Any CPU.ActiveCfg = Release|Any CPU
		{00F57678-8741-40F7-A399-9858ECB9BC38}.Release|Any CPU.Build.0 = Release|Any CPU
	EndGlobalSection
	GlobalSection(SolutionProperties) = preSolution
		HideSolutionNode = FALSE
	EndGlobalSection
	GlobalSection(ExtensibilityGlobals) = postSolution
		SolutionGuid = {E8289C7A-5C00-4404-99FE-8FAB8B297BBE}
	EndGlobalSection
EndGlobal
